
Microsoft Visual Studio Solution File, Format Version 12.00
# Visual Studio Version 17
VisualStudioVersion = 17.11.35327.3
MinimumVisualStudioVersion = 10.0.40219.1
Project("{2150E333-8FDC-42A3-9474-1A3956D46DE8}") = "test t001", "test t001", "{62960B41-5781-4359-975F-7C800373AB2F}"
EndProject
Project("{9A19103F-16F7-4668-BE54-9A1E7A4F7556}") = "test_t001", "test_t001\test_t001.csproj", "{52C9BB5D-D898-43FE-933E-6D8BD8424CCC}"
EndProject
Project("{2150E333-8FDC-42A3-9474-1A3956D46DE8}") = "test001_without_proxy", "test001_without_proxy", "{EE5C4FFE-0D4A-4C18-8BB3-E5FAC224065A}"
EndProject
Project("{9A19103F-16F7-4668-BE54-9A1E7A4F7556}") = "test001_without_proxy", "test001_without_proxy\test001_without_proxy.csproj", "{E135E0FC-5CAF-4C91-8A39-673E7557972A}"
EndProject
Project("{2150E333-8FDC-42A3-9474-1A3956D46DE8}") = "decryption and shifr", "decryption and shifr", "{C788769A-FA74-4D1F-9640-7E309BDE480D}"
EndProject
Project("{9A19103F-16F7-4668-BE54-9A1E7A4F7556}") = "decryption", "test2a\decryption.csproj", "{C63F0931-1621-4990-940D-63A69526545E}"
EndProject
Project("{9A19103F-16F7-4668-BE54-9A1E7A4F7556}") = "shifr", "shifr\shifr.csproj", "{C3589D30-3283-4E86-8E8F-E47F6252F8D3}"
EndProject
Project("{2150E333-8FDC-42A3-9474-1A3956D46DE8}") = "test t002", "test t002", "{42F57AE8-C97D-4A8B-ABDD-D988F255B185}"
EndProject
Project("{FAE04EC0-301F-11D3-BF4B-00C04F79EFBC}") = "test_t002", "test_t002\test_t002.csproj", "{13A216A5-3636-4006-8617-99F3D1E66C18}"
EndProject
Project("{2150E333-8FDC-42A3-9474-1A3956D46DE8}") = "test t004", "test t004", "{58A7DFD3-924F-4EDB-B6CE-0C04A3BE4198}"
EndProject
Project("{FAE04EC0-301F-11D3-BF4B-00C04F79EFBC}") = "test_t004", "test_4a\test_t004.csproj", "{7A397BC5-5DCD-419F-82DE-8CB0E673E2CB}"
EndProject
Project("{2150E333-8FDC-42A3-9474-1A3956D46DE8}") = "test005a", "test005a", "{9BE61D3F-3E74-48A7-A2EA-1FC1CCA952BE}"
EndProject
Project("{FAE04EC0-301F-11D3-BF4B-00C04F79EFBC}") = "test005a", "test005a\test005a.csproj", "{C85E9A9B-71B9-4180-B3D5-C57ED4F589F2}"
EndProject
Project("{2150E333-8FDC-42A3-9474-1A3956D46DE8}") = "test005g", "test005g", "{1E9F2E5B-F87C-4F21-AA74-A963FD5ED705}"
EndProject
Project("{FAE04EC0-301F-11D3-BF4B-00C04F79EFBC}") = "test005g", "test005g\test005g.csproj", "{3312F92C-60FD-46B8-9078-F1AFF148DB61}"
EndProject
Project("{2150E333-8FDC-42A3-9474-1A3956D46DE8}") = "test001_site", "test001_site", "{3A77EEA1-80E7-4DEE-86B8-1CAECEFDD7B4}"
EndProject
Project("{FAE04EC0-301F-11D3-BF4B-00C04F79EFBC}") = "test001_site", "test001_site\test001_site.csproj", "{BBF78DBB-1317-4FCE-8F0E-E60004AB015D}"
EndProject
Project("{FAE04EC0-301F-11D3-BF4B-00C04F79EFBC}") = "test2_site", "test2_site\test2_site.csproj", "{79059A1A-CBDD-4652-9265-587AE4428941}"
EndProject
Project("{2150E333-8FDC-42A3-9474-1A3956D46DE8}") = "test_005", "test_005", "{36D591C7-65C7-A0D1-1CBC-10CDE441BDC8}"
EndProject
Project("{FAE04EC0-301F-11D3-BF4B-00C04F79EFBC}") = "test_t005", "test_t005\test_t005.csproj", "{AB48FF32-DD04-41D7-8FC4-B7DC92597ACD}"
EndProject
Global
	GlobalSection(SolutionConfigurationPlatforms) = preSolution
		Debug|Any CPU = Debug|Any CPU
		Release|Any CPU = Release|Any CPU
	EndGlobalSection
	GlobalSection(ProjectConfigurationPlatforms) = postSolution
		{52C9BB5D-D898-43FE-933E-6D8BD8424CCC}.Debug|Any CPU.ActiveCfg = Debug|Any CPU
		{52C9BB5D-D898-43FE-933E-6D8BD8424CCC}.Debug|Any CPU.Build.0 = Debug|Any CPU
		{52C9BB5D-D898-43FE-933E-6D8BD8424CCC}.Release|Any CPU.ActiveCfg = Release|Any CPU
		{52C9BB5D-D898-43FE-933E-6D8BD8424CCC}.Release|Any CPU.Build.0 = Release|Any CPU
		{E135E0FC-5CAF-4C91-8A39-673E7557972A}.Debug|Any CPU.ActiveCfg = Debug|Any CPU
		{E135E0FC-5CAF-4C91-8A39-673E7557972A}.Debug|Any CPU.Build.0 = Debug|Any CPU
		{E135E0FC-5CAF-4C91-8A39-673E7557972A}.Release|Any CPU.ActiveCfg = Release|Any CPU
		{E135E0FC-5CAF-4C91-8A39-673E7557972A}.Release|Any CPU.Build.0 = Release|Any CPU
		{C63F0931-1621-4990-940D-63A69526545E}.Debug|Any CPU.ActiveCfg = Debug|Any CPU
		{C63F0931-1621-4990-940D-63A69526545E}.Debug|Any CPU.Build.0 = Debug|Any CPU
		{C63F0931-1621-4990-940D-63A69526545E}.Release|Any CPU.ActiveCfg = Release|Any CPU
		{C63F0931-1621-4990-940D-63A69526545E}.Release|Any CPU.Build.0 = Release|Any CPU
		{C3589D30-3283-4E86-8E8F-E47F6252F8D3}.Debug|Any CPU.ActiveCfg = Debug|Any CPU
		{C3589D30-3283-4E86-8E8F-E47F6252F8D3}.Debug|Any CPU.Build.0 = Debug|Any CPU
		{C3589D30-3283-4E86-8E8F-E47F6252F8D3}.Release|Any CPU.ActiveCfg = Release|Any CPU
		{C3589D30-3283-4E86-8E8F-E47F6252F8D3}.Release|Any CPU.Build.0 = Release|Any CPU
		{13A216A5-3636-4006-8617-99F3D1E66C18}.Debug|Any CPU.ActiveCfg = Debug|Any CPU
		{13A216A5-3636-4006-8617-99F3D1E66C18}.Debug|Any CPU.Build.0 = Debug|Any CPU
		{13A216A5-3636-4006-8617-99F3D1E66C18}.Release|Any CPU.ActiveCfg = Release|Any CPU
		{13A216A5-3636-4006-8617-99F3D1E66C18}.Release|Any CPU.Build.0 = Release|Any CPU
		{7A397BC5-5DCD-419F-82DE-8CB0E673E2CB}.Debug|Any CPU.ActiveCfg = Debug|Any CPU
		{7A397BC5-5DCD-419F-82DE-8CB0E673E2CB}.Debug|Any CPU.Build.0 = Debug|Any CPU
		{7A397BC5-5DCD-419F-82DE-8CB0E673E2CB}.Release|Any CPU.ActiveCfg = Release|Any CPU
		{7A397BC5-5DCD-419F-82DE-8CB0E673E2CB}.Release|Any CPU.Build.0 = Release|Any CPU
		{C85E9A9B-71B9-4180-B3D5-C57ED4F589F2}.Debug|Any CPU.ActiveCfg = Debug|Any CPU
		{C85E9A9B-71B9-4180-B3D5-C57ED4F589F2}.Debug|Any CPU.Build.0 = Debug|Any CPU
		{C85E9A9B-71B9-4180-B3D5-C57ED4F589F2}.Release|Any CPU.ActiveCfg = Release|Any CPU
		{C85E9A9B-71B9-4180-B3D5-C57ED4F589F2}.Release|Any CPU.Build.0 = Release|Any CPU
		{3312F92C-60FD-46B8-9078-F1AFF148DB61}.Debug|Any CPU.ActiveCfg = Debug|Any CPU
		{3312F92C-60FD-46B8-9078-F1AFF148DB61}.Debug|Any CPU.Build.0 = Debug|Any CPU
		{3312F92C-60FD-46B8-9078-F1AFF148DB61}.Release|Any CPU.ActiveCfg = Release|Any CPU
		{3312F92C-60FD-46B8-9078-F1AFF148DB61}.Release|Any CPU.Build.0 = Release|Any CPU
		{BBF78DBB-1317-4FCE-8F0E-E60004AB015D}.Debug|Any CPU.ActiveCfg = Debug|Any CPU
		{BBF78DBB-1317-4FCE-8F0E-E60004AB015D}.Debug|Any CPU.Build.0 = Debug|Any CPU
		{BBF78DBB-1317-4FCE-8F0E-E60004AB015D}.Release|Any CPU.ActiveCfg = Release|Any CPU
		{BBF78DBB-1317-4FCE-8F0E-E60004AB015D}.Release|Any CPU.Build.0 = Release|Any CPU
		{79059A1A-CBDD-4652-9265-587AE4428941}.Debug|Any CPU.ActiveCfg = Debug|Any CPU
		{79059A1A-CBDD-4652-9265-587AE4428941}.Debug|Any CPU.Build.0 = Debug|Any CPU
		{79059A1A-CBDD-4652-9265-587AE4428941}.Release|Any CPU.ActiveCfg = Release|Any CPU
		{79059A1A-CBDD-4652-9265-587AE4428941}.Release|Any CPU.Build.0 = Release|Any CPU
		{AB48FF32-DD04-41D7-8FC4-B7DC92597ACD}.Debug|Any CPU.ActiveCfg = Debug|Any CPU
		{AB48FF32-DD04-41D7-8FC4-B7DC92597ACD}.Debug|Any CPU.Build.0 = Debug|Any CPU
		{AB48FF32-DD04-41D7-8FC4-B7DC92597ACD}.Release|Any CPU.ActiveCfg = Release|Any CPU
		{AB48FF32-DD04-41D7-8FC4-B7DC92597ACD}.Release|Any CPU.Build.0 = Release|Any CPU
	EndGlobalSection
	GlobalSection(SolutionProperties) = preSolution
		HideSolutionNode = FALSE
	EndGlobalSection
	GlobalSection(NestedProjects) = preSolution
		{52C9BB5D-D898-43FE-933E-6D8BD8424CCC} = {62960B41-5781-4359-975F-7C800373AB2F}
		{EE5C4FFE-0D4A-4C18-8BB3-E5FAC224065A} = {62960B41-5781-4359-975F-7C800373AB2F}
		{E135E0FC-5CAF-4C91-8A39-673E7557972A} = {EE5C4FFE-0D4A-4C18-8BB3-E5FAC224065A}
		{C788769A-FA74-4D1F-9640-7E309BDE480D} = {42F57AE8-C97D-4A8B-ABDD-D988F255B185}
		{C63F0931-1621-4990-940D-63A69526545E} = {C788769A-FA74-4D1F-9640-7E309BDE480D}
		{C3589D30-3283-4E86-8E8F-E47F6252F8D3} = {C788769A-FA74-4D1F-9640-7E309BDE480D}
		{13A216A5-3636-4006-8617-99F3D1E66C18} = {42F57AE8-C97D-4A8B-ABDD-D988F255B185}
		{7A397BC5-5DCD-419F-82DE-8CB0E673E2CB} = {58A7DFD3-924F-4EDB-B6CE-0C04A3BE4198}
		{C85E9A9B-71B9-4180-B3D5-C57ED4F589F2} = {9BE61D3F-3E74-48A7-A2EA-1FC1CCA952BE}
		{3312F92C-60FD-46B8-9078-F1AFF148DB61} = {1E9F2E5B-F87C-4F21-AA74-A963FD5ED705}
		{3A77EEA1-80E7-4DEE-86B8-1CAECEFDD7B4} = {62960B41-5781-4359-975F-7C800373AB2F}
		{BBF78DBB-1317-4FCE-8F0E-E60004AB015D} = {3A77EEA1-80E7-4DEE-86B8-1CAECEFDD7B4}
		{79059A1A-CBDD-4652-9265-587AE4428941} = {42F57AE8-C97D-4A8B-ABDD-D988F255B185}
		{AB48FF32-DD04-41D7-8FC4-B7DC92597ACD} = {36D591C7-65C7-A0D1-1CBC-10CDE441BDC8}
	EndGlobalSection
	GlobalSection(ExtensibilityGlobals) = postSolution
		SolutionGuid = {9027B7C5-9146-4994-86E4-691FC920A813}
	EndGlobalSection
EndGlobal
